
Microsoft Visual Studio Solution File, Format Version 12.00
# Visual Studio Version 16
VisualStudioVersion = 16.0.30128.74
MinimumVisualStudioVersion = 10.0.40219.1
Project("{FAE04EC0-301F-11D3-BF4B-00C04F79EFBC}") = "web", "web\web.csproj", "{04506EE3-116B-4DD2-8D0E-F5F91CABC596}"
EndProject
Global
	GlobalSection(SolutionConfigurationPlatforms) = preSolution
		Debug|Any CPU = Debug|Any CPU
		Release|Any CPU = Release|Any CPU
	EndGlobalSection
	GlobalSection(ProjectConfigurationPlatforms) = postSolution
		{04506EE3-116B-4DD2-8D0E-F5F91CABC596}.Debug|Any CPU.ActiveCfg = Debug|Any CPU
		{04506EE3-116B-4DD2-8D0E-F5F91CABC596}.Debug|Any CPU.Build.0 = Debug|Any CPU
		{04506EE3-116B-4DD2-8D0E-F5F91CABC596}.Release|Any CPU.ActiveCfg = Release|Any CPU
		{04506EE3-116B-4DD2-8D0E-F5F91CABC596}.Release|Any CPU.Build.0 = Release|Any CPU
	EndGlobalSection
	GlobalSection(SolutionProperties) = preSolution
		HideSolutionNode = FALSE
	EndGlobalSection
	GlobalSection(ExtensibilityGlobals) = postSolution
		SolutionGuid = {84F1DF5D-0092-4996-981F-F9CE9528553E}
	EndGlobalSection
EndGlobal
